
Microsoft Visual Studio Solution File, Format Version 12.00
Project("{FAE04EC0-301F-11D3-BF4B-00C04F79EFBC}") = "KPO.Example", "KPO.Example\KPO.Example.csproj", "{81C956A7-ADBE-4624-9C6C-CBF8B6D93496}"
EndProject
Global
	GlobalSection(SolutionConfigurationPlatforms) = preSolution
		Debug|Any CPU = Debug|Any CPU
		Release|Any CPU = Release|Any CPU
	EndGlobalSection
	GlobalSection(ProjectConfigurationPlatforms) = postSolution
		{81C956A7-ADBE-4624-9C6C-CBF8B6D93496}.Debug|Any CPU.ActiveCfg = Debug|Any CPU
		{81C956A7-ADBE-4624-9C6C-CBF8B6D93496}.Debug|Any CPU.Build.0 = Debug|Any CPU
		{81C956A7-ADBE-4624-9C6C-CBF8B6D93496}.Release|Any CPU.ActiveCfg = Release|Any CPU
		{81C956A7-ADBE-4624-9C6C-CBF8B6D93496}.Release|Any CPU.Build.0 = Release|Any CPU
	EndGlobalSection
EndGlobal
