
Microsoft Visual Studio Solution File, Format Version 12.00
Project("{FAE04EC0-301F-11D3-BF4B-00C04F79EFBC}") = "KPO.Example", "KPO.Example\KPO.Example.csproj", "{81C956A7-ADBE-4624-9C6C-CBF8B6D93496}"
EndProject
Project("{FAE04EC0-301F-11D3-BF4B-00C04F79EFBC}") = "KPO.Tests", "KPO.Tests\KPO.Tests.csproj", "{F3034F6A-0B01-4790-A032-55C504833CE3}"
EndProject
Project("{FAE04EC0-301F-11D3-BF4B-00C04F79EFBC}") = "KPO.Example.Application", "KPO.Example.Application\KPO.Example.Application.csproj", "{1E4053C0-C29E-488E-AF55-A2BF2D6A2245}"
EndProject
Project("{FAE04EC0-301F-11D3-BF4B-00C04F79EFBC}") = "KPO.Example.Infrastructure", "KPO.Example.Infrastructure\KPO.Example.Infrastructure.csproj", "{00543B6F-31E1-497C-A1AB-3D00A8DAC00E}"
EndProject
Project("{FAE04EC0-301F-11D3-BF4B-00C04F79EFBC}") = "KPO.Example.Api", "KPO.Example.Api\KPO.Example.Api.csproj", "{D5A40F60-6408-4641-B21E-8555EE5B3540}"
EndProject
Project("{FAE04EC0-301F-11D3-BF4B-00C04F79EFBC}") = "KPO.Example.MVC", "KPO.Example.MVC\KPO.Example.MVC.csproj", "{D9ADF47A-89C1-41F4-8D8F-03F7818DECC1}"
EndProject
Project("{2150E333-8FDC-42A3-9474-1A3956D46DE8}") = "KPO.CarDevelopment", "KPO.CarDevelopment", "{F50C1D71-A80C-4AEA-9713-1A991B8FD636}"
EndProject
Project("{2150E333-8FDC-42A3-9474-1A3956D46DE8}") = "KPO.CarPreOrder", "KPO.CarPreOrder", "{2D075703-6D56-4A57-B6BA-62D9A6792E7D}"
EndProject
Project("{FAE04EC0-301F-11D3-BF4B-00C04F79EFBC}") = "KPO.CarPreOrder.Domain", "KPO.CarPreOrder.Domain\KPO.CarPreOrder.Domain.csproj", "{1E5CC5EF-1D1B-4D8E-8B00-CF90DBD2A45E}"
EndProject
Project("{FAE04EC0-301F-11D3-BF4B-00C04F79EFBC}") = "KPO.Example.Contracts", "KPO.Example.Contracts\KPO.Example.Contracts.csproj", "{359EEFB8-05D8-4F3B-A2F8-7A2E2BCA01D2}"
EndProject
Project("{2150E333-8FDC-42A3-9474-1A3956D46DE8}") = "Utils", "Utils", "{2CD44120-6653-4D2D-89D8-CFCFEFAC93C9}"
EndProject
Project("{FAE04EC0-301F-11D3-BF4B-00C04F79EFBC}") = "KPO.DDD.Basic", "KPO.DDD.Basic\KPO.DDD.Basic.csproj", "{F930D501-0C29-42D5-B348-FAA969E936B3}"
EndProject
Project("{FAE04EC0-301F-11D3-BF4B-00C04F79EFBC}") = "KPO.CarPreOrder.Application", "KPO.CarPreOrder.Application\KPO.CarPreOrder.Application.csproj", "{F81C6E2E-9B0B-462C-82BA-8803E3C67075}"
EndProject
Project("{2150E333-8FDC-42A3-9474-1A3956D46DE8}") = "Solution Items", "Solution Items", "{84A0964B-7C80-4932-A78C-598E3E9E419A}"
	ProjectSection(SolutionItems) = preProject
		compose.yaml = compose.yaml
	EndProjectSection
EndProject
Global
	GlobalSection(SolutionConfigurationPlatforms) = preSolution
		Debug|Any CPU = Debug|Any CPU
		Release|Any CPU = Release|Any CPU
	EndGlobalSection
	GlobalSection(ProjectConfigurationPlatforms) = postSolution
		{81C956A7-ADBE-4624-9C6C-CBF8B6D93496}.Debug|Any CPU.ActiveCfg = Debug|Any CPU
		{81C956A7-ADBE-4624-9C6C-CBF8B6D93496}.Debug|Any CPU.Build.0 = Debug|Any CPU
		{81C956A7-ADBE-4624-9C6C-CBF8B6D93496}.Release|Any CPU.ActiveCfg = Release|Any CPU
		{81C956A7-ADBE-4624-9C6C-CBF8B6D93496}.Release|Any CPU.Build.0 = Release|Any CPU
		{F3034F6A-0B01-4790-A032-55C504833CE3}.Debug|Any CPU.ActiveCfg = Debug|Any CPU
		{F3034F6A-0B01-4790-A032-55C504833CE3}.Debug|Any CPU.Build.0 = Debug|Any CPU
		{F3034F6A-0B01-4790-A032-55C504833CE3}.Release|Any CPU.ActiveCfg = Release|Any CPU
		{F3034F6A-0B01-4790-A032-55C504833CE3}.Release|Any CPU.Build.0 = Release|Any CPU
		{1E4053C0-C29E-488E-AF55-A2BF2D6A2245}.Debug|Any CPU.ActiveCfg = Debug|Any CPU
		{1E4053C0-C29E-488E-AF55-A2BF2D6A2245}.Debug|Any CPU.Build.0 = Debug|Any CPU
		{1E4053C0-C29E-488E-AF55-A2BF2D6A2245}.Release|Any CPU.ActiveCfg = Release|Any CPU
		{1E4053C0-C29E-488E-AF55-A2BF2D6A2245}.Release|Any CPU.Build.0 = Release|Any CPU
		{00543B6F-31E1-497C-A1AB-3D00A8DAC00E}.Debug|Any CPU.ActiveCfg = Debug|Any CPU
		{00543B6F-31E1-497C-A1AB-3D00A8DAC00E}.Debug|Any CPU.Build.0 = Debug|Any CPU
		{00543B6F-31E1-497C-A1AB-3D00A8DAC00E}.Release|Any CPU.ActiveCfg = Release|Any CPU
		{00543B6F-31E1-497C-A1AB-3D00A8DAC00E}.Release|Any CPU.Build.0 = Release|Any CPU
		{D5A40F60-6408-4641-B21E-8555EE5B3540}.Debug|Any CPU.ActiveCfg = Debug|Any CPU
		{D5A40F60-6408-4641-B21E-8555EE5B3540}.Debug|Any CPU.Build.0 = Debug|Any CPU
		{D5A40F60-6408-4641-B21E-8555EE5B3540}.Release|Any CPU.ActiveCfg = Release|Any CPU
		{D5A40F60-6408-4641-B21E-8555EE5B3540}.Release|Any CPU.Build.0 = Release|Any CPU
		{D9ADF47A-89C1-41F4-8D8F-03F7818DECC1}.Debug|Any CPU.ActiveCfg = Debug|Any CPU
		{D9ADF47A-89C1-41F4-8D8F-03F7818DECC1}.Debug|Any CPU.Build.0 = Debug|Any CPU
		{D9ADF47A-89C1-41F4-8D8F-03F7818DECC1}.Release|Any CPU.ActiveCfg = Release|Any CPU
		{D9ADF47A-89C1-41F4-8D8F-03F7818DECC1}.Release|Any CPU.Build.0 = Release|Any CPU
		{1E5CC5EF-1D1B-4D8E-8B00-CF90DBD2A45E}.Debug|Any CPU.ActiveCfg = Debug|Any CPU
		{1E5CC5EF-1D1B-4D8E-8B00-CF90DBD2A45E}.Debug|Any CPU.Build.0 = Debug|Any CPU
		{1E5CC5EF-1D1B-4D8E-8B00-CF90DBD2A45E}.Release|Any CPU.ActiveCfg = Release|Any CPU
		{1E5CC5EF-1D1B-4D8E-8B00-CF90DBD2A45E}.Release|Any CPU.Build.0 = Release|Any CPU
		{359EEFB8-05D8-4F3B-A2F8-7A2E2BCA01D2}.Debug|Any CPU.ActiveCfg = Debug|Any CPU
		{359EEFB8-05D8-4F3B-A2F8-7A2E2BCA01D2}.Debug|Any CPU.Build.0 = Debug|Any CPU
		{359EEFB8-05D8-4F3B-A2F8-7A2E2BCA01D2}.Release|Any CPU.ActiveCfg = Release|Any CPU
		{359EEFB8-05D8-4F3B-A2F8-7A2E2BCA01D2}.Release|Any CPU.Build.0 = Release|Any CPU
		{F930D501-0C29-42D5-B348-FAA969E936B3}.Debug|Any CPU.ActiveCfg = Debug|Any CPU
		{F930D501-0C29-42D5-B348-FAA969E936B3}.Debug|Any CPU.Build.0 = Debug|Any CPU
		{F930D501-0C29-42D5-B348-FAA969E936B3}.Release|Any CPU.ActiveCfg = Release|Any CPU
		{F930D501-0C29-42D5-B348-FAA969E936B3}.Release|Any CPU.Build.0 = Release|Any CPU
		{F81C6E2E-9B0B-462C-82BA-8803E3C67075}.Debug|Any CPU.ActiveCfg = Debug|Any CPU
		{F81C6E2E-9B0B-462C-82BA-8803E3C67075}.Debug|Any CPU.Build.0 = Debug|Any CPU
		{F81C6E2E-9B0B-462C-82BA-8803E3C67075}.Release|Any CPU.ActiveCfg = Release|Any CPU
		{F81C6E2E-9B0B-462C-82BA-8803E3C67075}.Release|Any CPU.Build.0 = Release|Any CPU
	EndGlobalSection
	GlobalSection(NestedProjects) = preSolution
		{81C956A7-ADBE-4624-9C6C-CBF8B6D93496} = {F50C1D71-A80C-4AEA-9713-1A991B8FD636}
		{1E4053C0-C29E-488E-AF55-A2BF2D6A2245} = {F50C1D71-A80C-4AEA-9713-1A991B8FD636}
		{00543B6F-31E1-497C-A1AB-3D00A8DAC00E} = {F50C1D71-A80C-4AEA-9713-1A991B8FD636}
		{1E5CC5EF-1D1B-4D8E-8B00-CF90DBD2A45E} = {2D075703-6D56-4A57-B6BA-62D9A6792E7D}
		{359EEFB8-05D8-4F3B-A2F8-7A2E2BCA01D2} = {F50C1D71-A80C-4AEA-9713-1A991B8FD636}
		{F930D501-0C29-42D5-B348-FAA969E936B3} = {2CD44120-6653-4D2D-89D8-CFCFEFAC93C9}
		{F81C6E2E-9B0B-462C-82BA-8803E3C67075} = {2D075703-6D56-4A57-B6BA-62D9A6792E7D}
	EndGlobalSection
EndGlobal
